# This file is automatically @generated by Cargo.
# It is not intended for manual editing.
version = 3

[[package]]
name = "lazy_static"
version = "1.4.0"
source = "registry+https://github.com/rust-lang/crates.io-index"
checksum = "e2abad23fbc42b3700f2f279844dc832adb2b2eb069b2df918f455c4e18cc646"

[[package]]
name = "paste"
version = "1.0.9"
source = "registry+https://github.com/rust-lang/crates.io-index"
checksum = "b1de2e551fb905ac83f73f7aedf2f0cb4a0da7e35efa24a202a936269f1f18e1"

[[package]]
name = "rust_nes_emu"
version = "0.1.0"
dependencies = [
 "lazy_static",
 "paste",
]
